dependencies:
- name: postgresql
  repository: oci://registry-1.docker.io/bitnamicharts
  version: 12.1.14
- name: kafka
  repository: oci://registry-1.docker.io/bitnamicharts
  version: 32.4.3
- name: accounts
  repository: file://charts/accounts
  version: 0.1.0
- name: notification
  repository: file://charts/notification
  version: 0.1.0
- name: cash
  repository: file://charts/cash
  version: 0.1.0
- name: transfer
  repository: file://charts/transfer
  version: 0.1.0
digest: sha256:439b068319abfe84520b43cac512f56106ec04c8bdad2a7d292a46f36501ee63
generated: "2026-09-14T12:52:49.414687+03:00"
