dependencies:
- name: postgresql
  repository: oci://registry-1.docker.io/bitnamicharts
  version: 12.1.14
- name: accounts
  repository: file://charts/accounts
  version: 0.1.0
- name: notification
  repository: file://charts/notification
  version: 0.1.0
- name: cash
  repository: file://charts/cash
  version: 0.1.0
- name: transfer
  repository: file://charts/transfer
  version: 0.1.0
digest: sha256:56585b11ca592fd8f335eb4c5d233e812a44a077bbd86b88446c96ecccd08dfe
generated: "2026-09-04T23:12:24.55617+03:00"
